
Microsoft Visual Studio Solution File, Format Version 12.00
# Visual Studio Version 17
VisualStudioVersion = 17.14.36221.1 d17.14
MinimumVisualStudioVersion = 10.0.40219.1
Project("{FAE04EC0-301F-11D3-BF4B-00C04F79EFBC}") = "ToDoApp", "ToDoApp.csproj", "{E42B089A-92D4-47AD-9457-0B37B701ADA1}"
EndProject
Global
	GlobalSection(SolutionConfigurationPlatforms) = preSolution
		Debug|Any CPU = Debug|Any CPU
		Release|Any CPU = Release|Any CPU
	EndGlobalSection
	GlobalSection(ProjectConfigurationPlatforms) = postSolution
		{E42B089A-92D4-47AD-9457-0B37B701ADA1}.Debug|Any CPU.ActiveCfg = Debug|Any CPU
		{E42B089A-92D4-47AD-9457-0B37B701ADA1}.Debug|Any CPU.Build.0 = Debug|Any CPU
		{E42B089A-92D4-47AD-9457-0B37B701ADA1}.Release|Any CPU.ActiveCfg = Release|Any CPU
		{E42B089A-92D4-47AD-9457-0B37B701ADA1}.Release|Any CPU.Build.0 = Release|Any CPU
	EndGlobalSection
	GlobalSection(SolutionProperties) = preSolution
		HideSolutionNode = FALSE
	EndGlobalSection
	GlobalSection(ExtensibilityGlobals) = postSolution
		SolutionGuid = {91CB2735-1701-42F7-A1B5-0BAA7BF7216F}
	EndGlobalSection
EndGlobal
